
Microsoft Visual Studio Solution File, Format Version 12.00
# Visual Studio 15
VisualStudioVersion = 15.0.27130.2036
MinimumVisualStudioVersion = 10.0.40219.1
Project("{FAE04EC0-301F-11D3-BF4B-00C04F79EFBC}") = "ImageService", "ap_ex_01\ImageService.csproj", "{C530B804-88D2-4EF3-9843-0162F1B0F1BB}"
EndProject
Project("{FAE04EC0-301F-11D3-BF4B-00C04F79EFBC}") = "ImageService.Infrastructure", "ImageService.Infrastructure\ImageService.Infrastructure.csproj", "{9A319F6C-FC34-4ED7-A007-5E44A9FFE34C}"
EndProject
Project("{FAE04EC0-301F-11D3-BF4B-00C04F79EFBC}") = "ImageService.Logging", "ImageService.Logging\ImageService.Logging.csproj", "{A1F4809A-6A88-4D9B-BF5B-01BA0F2AB5C6}"
EndProject
Global
	GlobalSection(SolutionConfigurationPlatforms) = preSolution
		Debug|Any CPU = Debug|Any CPU
		Release|Any CPU = Release|Any CPU
	EndGlobalSection
	GlobalSection(ProjectConfigurationPlatforms) = postSolution
		{C530B804-88D2-4EF3-9843-0162F1B0F1BB}.Debug|Any CPU.ActiveCfg = Debug|Any CPU
		{C530B804-88D2-4EF3-9843-0162F1B0F1BB}.Debug|Any CPU.Build.0 = Debug|Any CPU
		{C530B804-88D2-4EF3-9843-0162F1B0F1BB}.Release|Any CPU.ActiveCfg = Release|Any CPU
		{C530B804-88D2-4EF3-9843-0162F1B0F1BB}.Release|Any CPU.Build.0 = Release|Any CPU
		{9A319F6C-FC34-4ED7-A007-5E44A9FFE34C}.Debug|Any CPU.ActiveCfg = Debug|Any CPU
		{9A319F6C-FC34-4ED7-A007-5E44A9FFE34C}.Debug|Any CPU.Build.0 = Debug|Any CPU
		{9A319F6C-FC34-4ED7-A007-5E44A9FFE34C}.Release|Any CPU.ActiveCfg = Release|Any CPU
		{9A319F6C-FC34-4ED7-A007-5E44A9FFE34C}.Release|Any CPU.Build.0 = Release|Any CPU
		{A1F4809A-6A88-4D9B-BF5B-01BA0F2AB5C6}.Debug|Any CPU.ActiveCfg = Debug|Any CPU
		{A1F4809A-6A88-4D9B-BF5B-01BA0F2AB5C6}.Debug|Any CPU.Build.0 = Debug|Any CPU
		{A1F4809A-6A88-4D9B-BF5B-01BA0F2AB5C6}.Release|Any CPU.ActiveCfg = Release|Any CPU
		{A1F4809A-6A88-4D9B-BF5B-01BA0F2AB5C6}.Release|Any CPU.Build.0 = Release|Any CPU
	EndGlobalSection
	GlobalSection(SolutionProperties) = preSolution
		HideSolutionNode = FALSE
	EndGlobalSection
	GlobalSection(ExtensibilityGlobals) = postSolution
		SolutionGuid = {C027CF29-3BA4-4F16-A7E9-855D4AC252D0}
	EndGlobalSection
EndGlobal
